// !$*UTF8*$!
{
	archiveVersion = 1;
	classes = {
	};
	objectVersion = 46;
	objects = {

/* Begin PBXBuildFile section */
		BB6D94311DE198D20083638C /* postings.c in Sources */ = {isa = PBXBuildFile; fileRef = BB6D942F1DE198D20083638C /* postings.c */; };
		BBCF21291DD3527300666568 /* main.c in Sources */ = {isa = PBXBuildFile; fileRef = BBCF21281DD3527300666568 /* main.c */; };
		BBCF21361DD3533600666568 /* util.c in Sources */ = {isa = PBXBuildFile; fileRef = BBCF21341DD3533600666568 /* util.c */; };
		BBCF21391DD3559900666568 /* search_library.c in Sources */ = {isa = PBXBuildFile; fileRef = BBCF21371DD3559900666568 /* search_library.c */; };
		BBCF213C1DD3577B00666568 /* sl_pinyincode.c in Sources */ = {isa = PBXBuildFile; fileRef = BBCF213A1DD3577B00666568 /* sl_pinyincode.c */; };
		BBCFE5541DEAA7D3003EE6A6 /* search.c in Sources */ = {isa = PBXBuildFile; fileRef = BBCFE5521DEAA7D3003EE6A6 /* search.c */; };
		BBCFE5571DEABB61003EE6A6 /* token.c in Sources */ = {isa = PBXBuildFile; fileRef = BBCFE5551DEABB61003EE6A6 /* token.c */; };
/* End PBXBuildFile section */

/* Begin PBXCopyFilesBuildPhase section */
		BBCF21231DD3527300666568 /* CopyFiles */ = {
			isa = PBXCopyFilesBuildPhase;
			buildActionMask = 2147483647;
			dstPath = /usr/share/man/man1/;
			dstSubfolderSpec = 0;
			files = (
			);
			runOnlyForDeploymentPostprocessing = 1;
		};
/* End PBXCopyFilesBuildPhase section */

/* Begin PBXFileReference section */
		BB6D942F1DE198D20083638C /* postings.c */ = {isa = PBXFileReference; fileEncoding = 4; lastKnownFileType = sourcecode.c.c; path = postings.c; sourceTree = "<group>"; };
		BB6D94301DE198D20083638C /* postings.h */ = {isa = PBXFileReference; fileEncoding = 4; lastKnownFileType = sourcecode.c.h; path = postings.h; sourceTree = "<group>"; };
		BBCF21251DD3527300666568 /* SearchLibrary */ = {isa = PBXFileReference; explicitFileType = "compiled.mach-o.executable"; includeInIndex = 0; path = SearchLibrary; sourceTree = BUILT_PRODUCTS_DIR; };
		BBCF21281DD3527300666568 /* main.c */ = {isa = PBXFileReference; lastKnownFileType = sourcecode.c.c; path = main.c; sourceTree = "<group>"; };
		BBCF21301DD352F500666568 /* utarray.h */ = {isa = PBXFileReference; fileEncoding = 4; lastKnownFileType = sourcecode.c.h; path = utarray.h; sourceTree = "<group>"; };
		BBCF21311DD352F500666568 /* uthash.h */ = {isa = PBXFileReference; fileEncoding = 4; lastKnownFileType = sourcecode.c.h; path = uthash.h; sourceTree = "<group>"; };
		BBCF21321DD352F500666568 /* utlist.h */ = {isa = PBXFileReference; fileEncoding = 4; lastKnownFileType = sourcecode.c.h; path = utlist.h; sourceTree = "<group>"; };
		BBCF21331DD352F500666568 /* utstring.h */ = {isa = PBXFileReference; fileEncoding = 4; lastKnownFileType = sourcecode.c.h; path = utstring.h; sourceTree = "<group>"; };
		BBCF21341DD3533600666568 /* util.c */ = {isa = PBXFileReference; fileEncoding = 4; lastKnownFileType = sourcecode.c.c; path = util.c; sourceTree = "<group>"; };
		BBCF21351DD3533600666568 /* util.h */ = {isa = PBXFileReference; fileEncoding = 4; lastKnownFileType = sourcecode.c.h; path = util.h; sourceTree = "<group>"; };
		BBCF21371DD3559900666568 /* search_library.c */ = {isa = PBXFileReference; fileEncoding = 4; lastKnownFileType = sourcecode.c.c; path = search_library.c; sourceTree = "<group>"; };
		BBCF21381DD3559900666568 /* search_library.h */ = {isa = PBXFileReference; fileEncoding = 4; lastKnownFileType = sourcecode.c.h; path = search_library.h; sourceTree = "<group>"; };
		BBCF213A1DD3577B00666568 /* sl_pinyincode.c */ = {isa = PBXFileReference; fileEncoding = 4; lastKnownFileType = sourcecode.c.c; path = sl_pinyincode.c; sourceTree = "<group>"; };
		BBCF213B1DD3577B00666568 /* sl_pinyincode.h */ = {isa = PBXFileReference; fileEncoding = 4; lastKnownFileType = sourcecode.c.h; path = sl_pinyincode.h; sourceTree = "<group>"; };
		BBCFE5521DEAA7D3003EE6A6 /* search.c */ = {isa = PBXFileReference; fileEncoding = 4; lastKnownFileType = sourcecode.c.c; path = search.c; sourceTree = "<group>"; };
		BBCFE5531DEAA7D3003EE6A6 /* search.h */ = {isa = PBXFileReference; fileEncoding = 4; lastKnownFileType = sourcecode.c.h; path = search.h; sourceTree = "<group>"; };
		BBCFE5551DEABB61003EE6A6 /* token.c */ = {isa = PBXFileReference; fileEncoding = 4; lastKnownFileType = sourcecode.c.c; path = token.c; sourceTree = "<group>"; };
		BBCFE5561DEABB61003EE6A6 /* token.h */ = {isa = PBXFileReference; fileEncoding = 4; lastKnownFileType = sourcecode.c.h; path = token.h; sourceTree = "<group>"; };
/* End PBXFileReference section */

/* Begin PBXFrameworksBuildPhase section */
		BBCF21221DD3527300666568 /* Frameworks */ = {
			isa = PBXFrameworksBuildPhase;
			buildActionMask = 2147483647;
			files = (
			);
			runOnlyForDeploymentPostprocessing = 0;
		};
/* End PBXFrameworksBuildPhase section */

/* Begin PBXGroup section */
		BBCF211C1DD3527300666568 = {
			isa = PBXGroup;
			children = (
				BBCF21271DD3527300666568 /* SearchLibrary */,
				BBCF21261DD3527300666568 /* Products */,
			);
			sourceTree = "<group>";
		};
		BBCF21261DD3527300666568 /* Products */ = {
			isa = PBXGroup;
			children = (
				BBCF21251DD3527300666568 /* SearchLibrary */,
			);
			name = Products;
			sourceTree = "<group>";
		};
		BBCF21271DD3527300666568 /* SearchLibrary */ = {
			isa = PBXGroup;
			children = (
				BBCF212F1DD352F500666568 /* include */,
				BBCF21281DD3527300666568 /* main.c */,
				BBCF21341DD3533600666568 /* util.c */,
				BBCF21351DD3533600666568 /* util.h */,
				BBCF21371DD3559900666568 /* search_library.c */,
				BBCF21381DD3559900666568 /* search_library.h */,
				BBCF213A1DD3577B00666568 /* sl_pinyincode.c */,
				BBCF213B1DD3577B00666568 /* sl_pinyincode.h */,
				BB6D942F1DE198D20083638C /* postings.c */,
				BB6D94301DE198D20083638C /* postings.h */,
				BBCFE5521DEAA7D3003EE6A6 /* search.c */,
				BBCFE5531DEAA7D3003EE6A6 /* search.h */,
				BBCFE5551DEABB61003EE6A6 /* token.c */,
				BBCFE5561DEABB61003EE6A6 /* token.h */,
			);
			path = SearchLibrary;
			sourceTree = "<group>";
		};
		BBCF212F1DD352F500666568 /* include */ = {
			isa = PBXGroup;
			children = (
				BBCF21301DD352F500666568 /* utarray.h */,
				BBCF21311DD352F500666568 /* uthash.h */,
				BBCF21321DD352F500666568 /* utlist.h */,
				BBCF21331DD352F500666568 /* utstring.h */,
			);
			path = include;
			sourceTree = "<group>";
		};
/* End PBXGroup section */

/* Begin PBXNativeTarget section */
		BBCF21241DD3527300666568 /* SearchLibrary */ = {
			isa = PBXNativeTarget;
			buildConfigurationList = BBCF212C1DD3527300666568 /* Build configuration list for PBXNativeTarget "SearchLibrary" */;
			buildPhases = (
				BBCF21211DD3527300666568 /* Sources */,
				BBCF21221DD3527300666568 /* Frameworks */,
				BBCF21231DD3527300666568 /* CopyFiles */,
			);
			buildRules = (
			);
			dependencies = (
			);
			name = SearchLibrary;
			productName = SearchLibrary;
			productReference = BBCF21251DD3527300666568 /* SearchLibrary */;
			productType = "com.apple.product-type.tool";
		};
/* End PBXNativeTarget section */

/* Begin PBXProject section */
		BBCF211D1DD3527300666568 /* Project object */ = {
			isa = PBXProject;
			attributes = {
				LastUpgradeCheck = 0820;
				ORGANIZATIONNAME = huangjiaxiong;
				TargetAttributes = {
					BBCF21241DD3527300666568 = {
						CreatedOnToolsVersion = 8.1;
						ProvisioningStyle = Automatic;
					};
				};
			};
			buildConfigurationList = BBCF21201DD3527300666568 /* Build configuration list for PBXProject "SearchLibrary" */;
			compatibilityVersion = "Xcode 3.2";
			developmentRegion = English;
			hasScannedForEncodings = 0;
			knownRegions = (
				en,
			);
			mainGroup = BBCF211C1DD3527300666568;
			productRefGroup = BBCF21261DD3527300666568 /* Products */;
			projectDirPath = "";
			projectRoot = "";
			targets = (
				BBCF21241DD3527300666568 /* SearchLibrary */,
			);
		};
/* End PBXProject section */

/* Begin PBXSourcesBuildPhase section */
		BBCF21211DD3527300666568 /* Sources */ = {
			isa = PBXSourcesBuildPhase;
			buildActionMask = 2147483647;
			files = (
				BBCF213C1DD3577B00666568 /* sl_pinyincode.c in Sources */,
				BB6D94311DE198D20083638C /* postings.c in Sources */,
				BBCF21391DD3559900666568 /* search_library.c in Sources */,
				BBCFE5571DEABB61003EE6A6 /* token.c in Sources */,
				BBCFE5541DEAA7D3003EE6A6 /* search.c in Sources */,
				BBCF21291DD3527300666568 /* main.c in Sources */,
				BBCF21361DD3533600666568 /* util.c in Sources */,
			);
			runOnlyForDeploymentPostprocessing = 0;
		};
/* End PBXSourcesBuildPhase section */

/* Begin XCBuildConfiguration section */
		BBCF212A1DD3527300666568 /* Debug */ = {
			isa = XCBuildConfiguration;
			buildSettings = {
				ALWAYS_SEARCH_USER_PATHS = NO;
				CLANG_ANALYZER_NONNULL = YES;
				CLANG_CXX_LANGUAGE_STANDARD = "gnu++0x";
				CLANG_CXX_LIBRARY = "libc++";
				CLANG_ENABLE_MODULES = YES;
				CLANG_ENABLE_OBJC_ARC = YES;
				CLANG_WARN_BOOL_CONVERSION = YES;
				CLANG_WARN_CONSTANT_CONVERSION = YES;
				CLANG_WARN_DIRECT_OBJC_ISA_USAGE = YES_ERROR;
				CLANG_WARN_DOCUMENTATION_COMMENTS = YES;
				CLANG_WARN_EMPTY_BODY = YES;
				CLANG_WARN_ENUM_CONVERSION = YES;
				CLANG_WARN_INFINITE_RECURSION = YES;
				CLANG_WARN_INT_CONVERSION = YES;
				CLANG_WARN_OBJC_ROOT_CLASS = YES_ERROR;
				CLANG_WARN_SUSPICIOUS_MOVE = YES;
				CLANG_WARN_SUSPICIOUS_MOVES = YES;
				CLANG_WARN_UNREACHABLE_CODE = YES;
				CLANG_WARN__DUPLICATE_METHOD_MATCH = YES;
				CODE_SIGN_IDENTITY = "-";
				COPY_PHASE_STRIP = NO;
				DEBUG_INFORMATION_FORMAT = dwarf;
				ENABLE_STRICT_OBJC_MSGSEND = YES;
				ENABLE_TESTABILITY = YES;
				GCC_C_LANGUAGE_STANDARD = gnu99;
				GCC_DYNAMIC_NO_PIC = NO;
				GCC_NO_COMMON_BLOCKS = YES;
				GCC_OPTIMIZATION_LEVEL = 0;
				GCC_PREPROCESSOR_DEFINITIONS = (
					"DEBUG=1",
					"$(inherited)",
				);
				GCC_WARN_64_TO_32_BIT_CONVERSION = YES;
				GCC_WARN_ABOUT_RETURN_TYPE = YES_ERROR;
				GCC_WARN_UNDECLARED_SELECTOR = YES;
				GCC_WARN_UNINITIALIZED_AUTOS = YES_AGGRESSIVE;
				GCC_WARN_UNUSED_FUNCTION = YES;
				GCC_WARN_UNUSED_VARIABLE = YES;
				MACOSX_DEPLOYMENT_TARGET = 10.12;
				MTL_ENABLE_DEBUG_INFO = YES;
				ONLY_ACTIVE_ARCH = YES;
				SDKROOT = macosx;
			};
			name = Debug;
		};
		BBCF212B1DD3527300666568 /* Release */ = {
			isa = XCBuildConfiguration;
			buildSettings = {
				ALWAYS_SEARCH_USER_PATHS = NO;
				CLANG_ANALYZER_NONNULL = YES;
				CLANG_CXX_LANGUAGE_STANDARD = "gnu++0x";
				CLANG_CXX_LIBRARY = "libc++";
				CLANG_ENABLE_MODULES = YES;
				CLANG_ENABLE_OBJC_ARC = YES;
				CLANG_WARN_BOOL_CONVERSION = YES;
				CLANG_WARN_CONSTANT_CONVERSION = YES;
				CLANG_WARN_DIRECT_OBJC_ISA_USAGE = YES_ERROR;
				CLANG_WARN_DOCUMENTATION_COMMENTS = YES;
				CLANG_WARN_EMPTY_BODY = YES;
				CLANG_WARN_ENUM_CONVERSION = YES;
				CLANG_WARN_INFINITE_RECURSION = YES;
				CLANG_WARN_INT_CONVERSION = YES;
				CLANG_WARN_OBJC_ROOT_CLASS = YES_ERROR;
				CLANG_WARN_SUSPICIOUS_MOVE = YES;
				CLANG_WARN_SUSPICIOUS_MOVES = YES;
				CLANG_WARN_UNREACHABLE_CODE = YES;
				CLANG_WARN__DUPLICATE_METHOD_MATCH = YES;
				CODE_SIGN_IDENTITY = "-";
				COPY_PHASE_STRIP = NO;
				DEBUG_INFORMATION_FORMAT = "dwarf-with-dsym";
				ENABLE_NS_ASSERTIONS = NO;
				ENABLE_STRICT_OBJC_MSGSEND = YES;
				GCC_C_LANGUAGE_STANDARD = gnu99;
				GCC_NO_COMMON_BLOCKS = YES;
				GCC_WARN_64_TO_32_BIT_CONVERSION = YES;
				GCC_WARN_ABOUT_RETURN_TYPE = YES_ERROR;
				GCC_WARN_UNDECLARED_SELECTOR = YES;
				GCC_WARN_UNINITIALIZED_AUTOS = YES_AGGRESSIVE;
				GCC_WARN_UNUSED_FUNCTION = YES;
				GCC_WARN_UNUSED_VARIABLE = YES;
				MACOSX_DEPLOYMENT_TARGET = 10.12;
				MTL_ENABLE_DEBUG_INFO = NO;
				SDKROOT = macosx;
			};
			name = Release;
		};
		BBCF212D1DD3527300666568 /* Debug */ = {
			isa = XCBuildConfiguration;
			buildSettings = {
				PRODUCT_NAME = "$(TARGET_NAME)";
			};
			name = Debug;
		};
		BBCF212E1DD3527300666568 /* Release */ = {
			isa = XCBuildConfiguration;
			buildSettings = {
				PRODUCT_NAME = "$(TARGET_NAME)";
			};
			name = Release;
		};
/* End XCBuildConfiguration section */

/* Begin XCConfigurationList section */
		BBCF21201DD3527300666568 /* Build configuration list for PBXProject "SearchLibrary" */ = {
			isa = XCConfigurationList;
			buildConfigurations = (
				BBCF212A1DD3527300666568 /* Debug */,
				BBCF212B1DD3527300666568 /* Release */,
			);
			defaultConfigurationIsVisible = 0;
			defaultConfigurationName = Release;
		};
		BBCF212C1DD3527300666568 /* Build configuration list for PBXNativeTarget "SearchLibrary" */ = {
			isa = XCConfigurationList;
			buildConfigurations = (
				BBCF212D1DD3527300666568 /* Debug */,
				BBCF212E1DD3527300666568 /* Release */,
			);
			defaultConfigurationIsVisible = 0;
			defaultConfigurationName = Release;
		};
/* End XCConfigurationList section */
	};
	rootObject = BBCF211D1DD3527300666568 /* Project object */;
}
